
Microsoft Visual Studio Solution File, Format Version 12.00
# Visual Studio Version 17
VisualStudioVersion = 17.8.34322.80
MinimumVisualStudioVersion = 10.0.40219.1
Project("{9A19103F-16F7-4668-BE54-9A1E7A4F7556}") = "PatientUIConsole", "PatientMS\PatientUIConsole.csproj", "{3A0BE599-44E1-4102-AE39-1DE8AC12BE9D}"
EndProject
Project("{9A19103F-16F7-4668-BE54-9A1E7A4F7556}") = "PatientEntities", "PatientEntities\PatientEntities.csproj", "{8FF2799A-99DB-4A3C-89DC-4597D41DAB2A}"
EndProject
Project("{9A19103F-16F7-4668-BE54-9A1E7A4F7556}") = "PatientBL", "PatientBL\PatientBL.csproj", "{6C20215C-1A0D-41A3-B683-6225C4621273}"
EndProject
Project("{9A19103F-16F7-4668-BE54-9A1E7A4F7556}") = "PatientDL", "PatientDL\PatientDL.csproj", "{F05E0CEB-7BCD-4C31-98E0-A2311C7A1D23}"
EndProject
Project("{FAE04EC0-301F-11D3-BF4B-00C04F79EFBC}") = "PatientMSWinForms", "PatientMSWinForms\PatientMSWinForms.csproj", "{CE7F7676-0719-4E01-A09A-5B568568BC04}"
EndProject
Global
	GlobalSection(SolutionConfigurationPlatforms) = preSolution
		Debug|Any CPU = Debug|Any CPU
		Release|Any CPU = Release|Any CPU
	EndGlobalSection
	GlobalSection(ProjectConfigurationPlatforms) = postSolution
		{3A0BE599-44E1-4102-AE39-1DE8AC12BE9D}.Debug|Any CPU.ActiveCfg = Debug|Any CPU
		{3A0BE599-44E1-4102-AE39-1DE8AC12BE9D}.Debug|Any CPU.Build.0 = Debug|Any CPU
		{3A0BE599-44E1-4102-AE39-1DE8AC12BE9D}.Release|Any CPU.ActiveCfg = Release|Any CPU
		{3A0BE599-44E1-4102-AE39-1DE8AC12BE9D}.Release|Any CPU.Build.0 = Release|Any CPU
		{8FF2799A-99DB-4A3C-89DC-4597D41DAB2A}.Debug|Any CPU.ActiveCfg = Debug|Any CPU
		{8FF2799A-99DB-4A3C-89DC-4597D41DAB2A}.Debug|Any CPU.Build.0 = Debug|Any CPU
		{8FF2799A-99DB-4A3C-89DC-4597D41DAB2A}.Release|Any CPU.ActiveCfg = Release|Any CPU
		{8FF2799A-99DB-4A3C-89DC-4597D41DAB2A}.Release|Any CPU.Build.0 = Release|Any CPU
		{6C20215C-1A0D-41A3-B683-6225C4621273}.Debug|Any CPU.ActiveCfg = Debug|Any CPU
		{6C20215C-1A0D-41A3-B683-6225C4621273}.Debug|Any CPU.Build.0 = Debug|Any CPU
		{6C20215C-1A0D-41A3-B683-6225C4621273}.Release|Any CPU.ActiveCfg = Release|Any CPU
		{6C20215C-1A0D-41A3-B683-6225C4621273}.Release|Any CPU.Build.0 = Release|Any CPU
		{F05E0CEB-7BCD-4C31-98E0-A2311C7A1D23}.Debug|Any CPU.ActiveCfg = Debug|Any CPU
		{F05E0CEB-7BCD-4C31-98E0-A2311C7A1D23}.Debug|Any CPU.Build.0 = Debug|Any CPU
		{F05E0CEB-7BCD-4C31-98E0-A2311C7A1D23}.Release|Any CPU.ActiveCfg = Release|Any CPU
		{F05E0CEB-7BCD-4C31-98E0-A2311C7A1D23}.Release|Any CPU.Build.0 = Release|Any CPU
		{CE7F7676-0719-4E01-A09A-5B568568BC04}.Debug|Any CPU.ActiveCfg = Debug|Any CPU
		{CE7F7676-0719-4E01-A09A-5B568568BC04}.Debug|Any CPU.Build.0 = Debug|Any CPU
		{CE7F7676-0719-4E01-A09A-5B568568BC04}.Release|Any CPU.ActiveCfg = Release|Any CPU
		{CE7F7676-0719-4E01-A09A-5B568568BC04}.Release|Any CPU.Build.0 = Release|Any CPU
	EndGlobalSection
	GlobalSection(SolutionProperties) = preSolution
		HideSolutionNode = FALSE
	EndGlobalSection
	GlobalSection(ExtensibilityGlobals) = postSolution
		SolutionGuid = {CD49FE0A-84EC-4A8A-AF47-FC87A04CD540}
	EndGlobalSection
EndGlobal
